
Microsoft Visual Studio Solution File, Format Version 12.00
# Visual Studio 15
VisualStudioVersion = 15.0.27130.2024
MinimumVisualStudioVersion = 10.0.40219.1
Project("{2150E333-8FDC-42A3-9474-1A3956D46DE8}") = "01 kintamieji", "01 kintamieji", "{28AF9E5D-E8BB-4912-8B65-DF183BFD785C}"
EndProject
Project("{2150E333-8FDC-42A3-9474-1A3956D46DE8}") = "02 išvedimai", "02 išvedimai", "{5EC52467-A1C5-44B8-AFAA-D67FA8D71C25}"
EndProject
Project("{2150E333-8FDC-42A3-9474-1A3956D46DE8}") = "03 aritmetiniai veiksmai", "03 aritmetiniai veiksmai", "{9F9BBF09-AAE3-4B65-9E24-047ECDC5A47F}"
EndProject
Project("{FAE04EC0-301F-11D3-BF4B-00C04F79EFBC}") = "01-1uzduotis", "01-1uzduotis\01-1uzduotis.csproj", "{8A96B200-78E1-4DAB-839C-3087C093F91C}"
EndProject
Project("{FAE04EC0-301F-11D3-BF4B-00C04F79EFBC}") = "02-1uzduotis", "02-1uzduotis\02-1uzduotis.csproj", "{AABDB8E6-A941-41A6-990F-3AC857633CAC}"
EndProject
Project("{FAE04EC0-301F-11D3-BF4B-00C04F79EFBC}") = "02-2uzduotis", "02-2uzduotis\02-2uzduotis.csproj", "{83063CDA-496C-4558-AE18-CC059A28DE0F}"
EndProject
Project("{FAE04EC0-301F-11D3-BF4B-00C04F79EFBC}") = "02-3uzduotis", "02-3uzduotis\02-3uzduotis.csproj", "{1A19BB1F-A379-48BC-A62E-095E7875AD2B}"
EndProject
Project("{FAE04EC0-301F-11D3-BF4B-00C04F79EFBC}") = "02-4uzduotis", "02-4uzduotis\02-4uzduotis.csproj", "{089A6DC4-BE21-41E4-B169-92A75DD12ACF}"
EndProject
Project("{FAE04EC0-301F-11D3-BF4B-00C04F79EFBC}") = "02-5uzduotis", "02-5uzduotis\02-5uzduotis.csproj", "{1ED2DAF1-136B-48AC-ACD8-7407758C7184}"
EndProject
Project("{FAE04EC0-301F-11D3-BF4B-00C04F79EFBC}") = "02-6uzduotis", "02-6uzduotis\02-6uzduotis.csproj", "{59BB3A4B-A216-4E4D-B4D2-C6B55BD9FE70}"
EndProject
Project("{FAE04EC0-301F-11D3-BF4B-00C04F79EFBC}") = "03-1uzduotis", "03-1uzduotis\03-1uzduotis.csproj", "{5C1CF695-5FC2-4BFE-8932-987E0135B9D0}"
EndProject
Project("{FAE04EC0-301F-11D3-BF4B-00C04F79EFBC}") = "03-2uzduotis", "03-2uzduotis\03-2uzduotis.csproj", "{8981D71B-EC7B-4E3F-8295-973A59D4A0E5}"
EndProject
Project("{FAE04EC0-301F-11D3-BF4B-00C04F79EFBC}") = "03-3uzduotis", "03-3uzduotis\03-3uzduotis.csproj", "{9F5D9765-E5B7-45BB-AB4A-5BB96EB5BF88}"
EndProject
Project("{FAE04EC0-301F-11D3-BF4B-00C04F79EFBC}") = "03-4uzduotis", "03-4uzduotis\03-4uzduotis.csproj", "{DBE47787-99ED-4B8B-AAA9-9ADA64C0E4C6}"
EndProject
Project("{FAE04EC0-301F-11D3-BF4B-00C04F79EFBC}") = "03-5uzduotis", "03-5uzduotis\03-5uzduotis.csproj", "{B32FA998-7293-4210-868C-232DFFBB3080}"
EndProject
Project("{FAE04EC0-301F-11D3-BF4B-00C04F79EFBC}") = "03-6uzduotis", "03-6uzduotis\03-6uzduotis.csproj", "{9A14C1A3-D6B5-473F-A244-162517528FDC}"
EndProject
Project("{2150E333-8FDC-42A3-9474-1A3956D46DE8}") = "04 įvedimai", "04 įvedimai", "{65D62AB4-5BEF-46FF-BE23-AE9B3402A915}"
EndProject
Project("{FAE04EC0-301F-11D3-BF4B-00C04F79EFBC}") = "04-1uzduotis", "04-1uzduotis\04-1uzduotis.csproj", "{EFFB69B1-4EB1-4B0C-A790-36B053419685}"
EndProject
Project("{FAE04EC0-301F-11D3-BF4B-00C04F79EFBC}") = "04-2uzduotis", "04-2uzduotis\04-2uzduotis.csproj", "{793622A6-8B97-4C10-B7B7-B53480D4882A}"
EndProject
Project("{FAE04EC0-301F-11D3-BF4B-00C04F79EFBC}") = "04-3uzduotis", "04-3uzduotis\04-3uzduotis.csproj", "{4A0243FF-7BDA-4AEA-B818-F3E3B071D1EE}"
EndProject
Project("{2150E333-8FDC-42A3-9474-1A3956D46DE8}") = "05_01 if sąlyga", "05_01 if sąlyga", "{062F77E1-1C35-49AA-9253-F300B739F349}"
EndProject
Project("{FAE04EC0-301F-11D3-BF4B-00C04F79EFBC}") = "05-1uzduotis", "05-1uzduotis\05-1uzduotis.csproj", "{88927626-1B87-472D-B1D0-75B311568FC4}"
EndProject
Project("{FAE04EC0-301F-11D3-BF4B-00C04F79EFBC}") = "05-2uzduotis", "05-2uzduotis\05-2uzduotis.csproj", "{DD5F28CE-532C-4944-91CE-72FBB0D69AE1}"
EndProject
Project("{FAE04EC0-301F-11D3-BF4B-00C04F79EFBC}") = "05-3uzduotis", "05-3uzduotis\05-3uzduotis.csproj", "{E5B17AF0-5BD0-4393-8FE8-F146A7B06D02}"
EndProject
Project("{FAE04EC0-301F-11D3-BF4B-00C04F79EFBC}") = "05-4uzduotis", "05-4uzduotis\05-4uzduotis.csproj", "{E3AFAD7A-19D1-4C71-AC03-7F0EB6455BF1}"
EndProject
Project("{2150E333-8FDC-42A3-9474-1A3956D46DE8}") = "05_02 else if sąlyga", "05_02 else if sąlyga", "{21DF4256-0AC3-4FE9-9D3E-70E08CE62E8A}"
EndProject
Project("{FAE04EC0-301F-11D3-BF4B-00C04F79EFBC}") = "05_02-1uzduotis", "05_02-1uzduotis\05_02-1uzduotis.csproj", "{15EF7BD8-FAB7-4D08-B5C6-95FEED3FFC45}"
EndProject
Project("{FAE04EC0-301F-11D3-BF4B-00C04F79EFBC}") = "05_02-2uzduotis", "05_02-2uzduotis\05_02-2uzduotis.csproj", "{3ADDEA1F-D584-4CCF-918B-5E1121F2E48C}"
EndProject
Project("{2150E333-8FDC-42A3-9474-1A3956D46DE8}") = "05_03 else sąlyga", "05_03 else sąlyga", "{A67A86E8-FD61-47F0-BC2D-D666B3C70BE0}"
EndProject
Project("{FAE04EC0-301F-11D3-BF4B-00C04F79EFBC}") = "05_03-1uzduotis", "05_03-1uzduotis\05_03-1uzduotis.csproj", "{4940BA5F-F4B5-4BD7-AC88-F874922AB635}"
EndProject
Project("{FAE04EC0-301F-11D3-BF4B-00C04F79EFBC}") = "05_03-2uzduotis", "05_03-2uzduotis\05_03-2uzduotis.csproj", "{AAB2454A-9B10-4FEE-87AE-836811040B1A}"
EndProject
Project("{2150E333-8FDC-42A3-9474-1A3956D46DE8}") = "06 patikrinimo operatoriai", "06 patikrinimo operatoriai", "{5A18193E-3F54-4559-9620-4D3F8D460624}"
EndProject
Project("{FAE04EC0-301F-11D3-BF4B-00C04F79EFBC}") = "06-1uzduotis", "06-01uzduotis\06-1uzduotis.csproj", "{B32416C8-AEEB-4C33-94BC-B9EB5A6486B4}"
EndProject
Project("{2150E333-8FDC-42A3-9474-1A3956D46DE8}") = "07 switch sąlyga", "07 switch sąlyga", "{3F8B666C-99E1-423E-9B44-B404419A2F72}"
EndProject
Project("{FAE04EC0-301F-11D3-BF4B-00C04F79EFBC}") = "07-1uzduotis", "07-01uzduotis\07-1uzduotis.csproj", "{CE04849D-9E6F-48EB-B962-64AF14B6EED0}"
EndProject
Project("{2150E333-8FDC-42A3-9474-1A3956D46DE8}") = "08 Tarpinė užduotis", "08 Tarpinė užduotis", "{44761398-6BE2-4472-8E0E-538EEC99DE76}"
EndProject
Project("{FAE04EC0-301F-11D3-BF4B-00C04F79EFBC}") = "08-1uzduotis", "08-1uzduotis\08-1uzduotis.csproj", "{015A3398-84DA-4F93-B807-102E5ED83082}"
EndProject
Project("{FAE04EC0-301F-11D3-BF4B-00C04F79EFBC}") = "04-4uzduotis", "04-4uzduotis\04-4uzduotis.csproj", "{225D715D-3718-45B4-9F2E-72348FC88292}"
EndProject
Project("{FAE04EC0-301F-11D3-BF4B-00C04F79EFBC}") = "04-5uzduotis", "04-5uzduotis\04-5uzduotis.csproj", "{946B787D-CD3D-4214-98B3-FED964BFC463}"
EndProject
Project("{FAE04EC0-301F-11D3-BF4B-00C04F79EFBC}") = "04-6uzduotis", "04-6uzduotis\04-6uzduotis.csproj", "{82C9F482-A9AE-43CF-9B7D-71E8408BE149}"
EndProject
Project("{FAE04EC0-301F-11D3-BF4B-00C04F79EFBC}") = "04-7uzduotis", "04-7uzduotis\04-7uzduotis.csproj", "{232B00BD-C4A0-4872-AF4A-DF009D97FBBC}"
EndProject
Project("{FAE04EC0-301F-11D3-BF4B-00C04F79EFBC}") = "05_02-3uzduotis", "05_02-3uzduotis\05_02-3uzduotis.csproj", "{4679EB6D-42F4-408B-A5DC-41CC22A6296C}"
EndProject
Project("{FAE04EC0-301F-11D3-BF4B-00C04F79EFBC}") = "05_02-4uzduotis", "05_02-4uzduotis\05_02-4uzduotis.csproj", "{497FE871-466E-4190-BC19-DAC7A0531DA1}"
EndProject
Project("{FAE04EC0-301F-11D3-BF4B-00C04F79EFBC}") = "06-2uzduotis", "06-2uzduotis\06-2uzduotis.csproj", "{16389568-439D-4C9A-B0C5-5C11A547BE6C}"
EndProject
Project("{FAE04EC0-301F-11D3-BF4B-00C04F79EFBC}") = "06-3uzduotis", "06-3uzduotis\06-3uzduotis.csproj", "{C0DC0533-2470-45E1-BAE3-2C5F1E27CB87}"
EndProject
Project("{FAE04EC0-301F-11D3-BF4B-00C04F79EFBC}") = "06-4uzduotis", "06-4uzduotis\06-4uzduotis.csproj", "{E91CB040-0AD1-4798-A8E3-D1CE2733174B}"
EndProject
Project("{FAE04EC0-301F-11D3-BF4B-00C04F79EFBC}") = "07-2uzduotis", "07-2uzduotis\07-2uzduotis.csproj", "{DA234475-2579-400B-9633-709A15E45BDB}"
EndProject
Project("{FAE04EC0-301F-11D3-BF4B-00C04F79EFBC}") = "07-3uzduotis", "07-3uzduotis\07-3uzduotis.csproj", "{1F35689B-F614-479D-88DD-3A78E2E7C9A0}"
EndProject
Project("{FAE04EC0-301F-11D3-BF4B-00C04F79EFBC}") = "07-4uzduotis", "07-4uzduotis\07-4uzduotis.csproj", "{3770D208-ECED-411C-88EA-A46E55686FC4}"
EndProject
Project("{2150E333-8FDC-42A3-9474-1A3956D46DE8}") = "09 ciklas for", "09 ciklas for", "{96481C82-F4EE-4B0A-A6D9-FCE4678DD8DE}"
EndProject
Project("{FAE04EC0-301F-11D3-BF4B-00C04F79EFBC}") = "09-01ciklo for pvz", "ciklo for pvz\09-01ciklo for pvz.csproj", "{30E93EEC-35C4-4E0F-86B9-D4DF48FB0CAD}"
EndProject
Project("{FAE04EC0-301F-11D3-BF4B-00C04F79EFBC}") = "09-1uzduotis", "09-1uzduotis\09-1uzduotis.csproj", "{672EFE2D-C406-4636-B5B5-E0C34CE18284}"
EndProject
Project("{FAE04EC0-301F-11D3-BF4B-00C04F79EFBC}") = "09-2uzduotis", "09-2uzduotis\09-2uzduotis.csproj", "{F776ABB9-CD0B-49B7-8B58-B7EE557F69A9}"
EndProject
Project("{FAE04EC0-301F-11D3-BF4B-00C04F79EFBC}") = "09-3uzduotis", "09-3uzduotis\09-3uzduotis.csproj", "{C9ECA6B4-3B7F-4F50-8978-02744E93190A}"
EndProject
Project("{FAE04EC0-301F-11D3-BF4B-00C04F79EFBC}") = "09-4uzduotis", "09-4uzduotis\09-4uzduotis.csproj", "{5DB0B6C6-16CE-413A-9D19-C261EBEB0528}"
EndProject
Project("{FAE04EC0-301F-11D3-BF4B-00C04F79EFBC}") = "09-5uzduotis", "09-5uzduotis\09-5uzduotis.csproj", "{009F57C0-8FFB-4658-8B68-D3A105F0520D}"
EndProject
Project("{FAE04EC0-301F-11D3-BF4B-00C04F79EFBC}") = "09-6uzduotis", "09-6uzduotis\09-6uzduotis.csproj", "{C57DD22A-ADB9-4AD8-9150-735B0FE934CE}"
EndProject
Project("{FAE04EC0-301F-11D3-BF4B-00C04F79EFBC}") = "09-7uzduotis(optional)", "09-7uzduotis(optional)\09-7uzduotis(optional).csproj", "{BC6E1F54-957E-49D0-8C61-D14F045848C7}"
EndProject
Project("{FAE04EC0-301F-11D3-BF4B-00C04F79EFBC}") = "09-8uzduotis", "09-8uzduotis\09-8uzduotis.csproj", "{9B34CA48-8BA1-47A8-AE20-F8EB8047782E}"
EndProject
Project("{FAE04EC0-301F-11D3-BF4B-00C04F79EFBC}") = "09-9uzduotis", "09-9uzduotis\09-9uzduotis.csproj", "{90C3EC02-EF9A-44DC-9CAC-580012013FC8}"
EndProject
Project("{FAE04EC0-301F-11D3-BF4B-00C04F79EFBC}") = "09-10uzduotis", "09-10uzduotis\09-10uzduotis.csproj", "{BB563D67-2A95-49FC-9359-58C60DCE8330}"
EndProject
Project("{FAE04EC0-301F-11D3-BF4B-00C04F79EFBC}") = "09-11uzduotis", "09-11uzduotis\09-11uzduotis.csproj", "{6C1CEE64-876D-493C-847C-E2A138931FB3}"
EndProject
Project("{FAE04EC0-301F-11D3-BF4B-00C04F79EFBC}") = "09-12uzduotis", "09-12uzduotis\09-12uzduotis.csproj", "{7666F6BF-D245-406A-AAE4-703A771A33BF}"
EndProject
Project("{2150E333-8FDC-42A3-9474-1A3956D46DE8}") = "10 ciklas while", "10 ciklas while", "{12A16477-76B0-49BB-AD72-197253474E56}"
EndProject
Project("{FAE04EC0-301F-11D3-BF4B-00C04F79EFBC}") = "10-1uzduotis", "10-1uzduotis\10-1uzduotis.csproj", "{8228AC08-27C1-46A5-822D-C3CD2E29B9B1}"
EndProject
Project("{FAE04EC0-301F-11D3-BF4B-00C04F79EFBC}") = "10-2uzduotis", "10-2uzduotis\10-2uzduotis.csproj", "{6F5E1DBC-6C24-4AFC-B409-FE7E0468A28A}"
EndProject
Project("{FAE04EC0-301F-11D3-BF4B-00C04F79EFBC}") = "10-3uzduotis", "10-3uzduotis\10-3uzduotis.csproj", "{E3F2359E-D0C7-42BD-A240-6D58C950A56F}"
EndProject
Project("{FAE04EC0-301F-11D3-BF4B-00C04F79EFBC}") = "10-4uzduotis", "10-4uzduotis\10-4uzduotis.csproj", "{D621366F-8384-4876-A55C-FC0153F8AC15}"
EndProject
Project("{FAE04EC0-301F-11D3-BF4B-00C04F79EFBC}") = "10-5uzduotis", "10-5uzduotis\10-5uzduotis.csproj", "{FDF54E5E-7B10-4949-9191-58C816714F9C}"
EndProject
Project("{FAE04EC0-301F-11D3-BF4B-00C04F79EFBC}") = "10-6 random klasė", "10-6 random klasė\10-6 random klasė.csproj", "{68393C02-2E2D-4FF2-B2BA-D2CD436BDD48}"
EndProject
Project("{FAE04EC0-301F-11D3-BF4B-00C04F79EFBC}") = "10-7uzduotis", "10-7uzduotis\10-7uzduotis.csproj", "{165223F0-D8B3-421E-A112-F907EFBD201E}"
EndProject
Project("{2150E333-8FDC-42A3-9474-1A3956D46DE8}") = "11 ciklas do while", "11 ciklas do while", "{B4E79F44-7999-4419-A9F9-5BD30097F0DA}"
EndProject
Project("{FAE04EC0-301F-11D3-BF4B-00C04F79EFBC}") = "11-1uzduotis", "11-1uzduotis\11-1uzduotis.csproj", "{765B2485-7ACB-4374-94AC-0A021FCBA88F}"
EndProject
Project("{FAE04EC0-301F-11D3-BF4B-00C04F79EFBC}") = "11-02-Tarpinė užduotis", "11-Tarpinė užduotis\11-02-Tarpinė užduotis.csproj", "{B481E10C-A3CC-45B0-AE5E-BE407ADB2ACF}"
EndProject
Project("{FAE04EC0-301F-11D3-BF4B-00C04F79EFBC}") = "11-01-Tarpinė užduotis", "11-1-Tarpinė užduotis\11-01-Tarpinė užduotis.csproj", "{059F9A1A-DB8B-4B8F-8607-8EEA716CFE46}"
EndProject
Project("{2150E333-8FDC-42A3-9474-1A3956D46DE8}") = "12 masyvai", "12 masyvai", "{F895D4DD-AB73-4418-8918-084A75CE340F}"
EndProject
Project("{FAE04EC0-301F-11D3-BF4B-00C04F79EFBC}") = "12-0_pvz", "12-0_pvz\12-0_pvz.csproj", "{1A5E2C2D-F2B0-4E09-BED4-9284BC4C3B93}"
EndProject
Project("{2150E333-8FDC-42A3-9474-1A3956D46DE8}") = "PAKARTOJIMAS", "PAKARTOJIMAS", "{CDD14F46-CA32-4C52-9A6A-C6751752A6FA}"
EndProject
Project("{FAE04EC0-301F-11D3-BF4B-00C04F79EFBC}") = "PAK-1", "PAK\PAK-1.csproj", "{EDA262CE-AFF8-46FC-9B37-C29C3CAE16CA}"
EndProject
Project("{FAE04EC0-301F-11D3-BF4B-00C04F79EFBC}") = "PAK-2", "PAK-2\PAK-2.csproj", "{A797C1B7-8AEB-457E-9BD0-4B10A27540C1}"
EndProject
Project("{FAE04EC0-301F-11D3-BF4B-00C04F79EFBC}") = "PAK-3", "PAK-3\PAK-3.csproj", "{67554A5D-02FC-491F-A355-FD4F28E7C59C}"
EndProject
Project("{2150E333-8FDC-42A3-9474-1A3956D46DE8}") = "13 sąrašai", "13 sąrašai", "{A91E043E-CF94-4FB0-B43B-A482C5F6DA27}"
EndProject
Project("{FAE04EC0-301F-11D3-BF4B-00C04F79EFBC}") = "13-00-PVZ", "13-00-PVZ\13-00-PVZ.csproj", "{71466F90-97C9-4B7F-A6AA-171EC34A33E1}"
EndProject
Project("{FAE04EC0-301F-11D3-BF4B-00C04F79EFBC}") = "13-01-PVZ", "13-1uzduotis\13-01-PVZ.csproj", "{BFB1AD9D-9BDA-426D-9496-E681AF64F986}"
EndProject
Project("{FAE04EC0-301F-11D3-BF4B-00C04F79EFBC}") = "13-1-uzduotis", "13-1-uzduotis\13-1-uzduotis.csproj", "{49A12D43-27DA-4AE9-9A87-15C8914C4028}"
EndProject
Project("{FAE04EC0-301F-11D3-BF4B-00C04F79EFBC}") = "ConsoleApp1", "ConsoleApp1\ConsoleApp1.csproj", "{94FCF1CE-4D43-48F1-8A23-0FE8549E1C76}"
EndProject
Project("{2150E333-8FDC-42A3-9474-1A3956D46DE8}") = "14 metodai", "14 metodai", "{C99D1C04-D16E-4B9C-AAD7-7CD6CF50CE2E}"
EndProject
Project("{FAE04EC0-301F-11D3-BF4B-00C04F79EFBC}") = "14-00-PVZ", "14-1uzduotis\14-00-PVZ.csproj", "{9BC003E3-F1D2-468D-9A75-5C809D6B7854}"
EndProject
Project("{FAE04EC0-301F-11D3-BF4B-00C04F79EFBC}") = "14-01-PVZ", "14-001-PVZ\14-01-PVZ.csproj", "{25148306-B4CF-4155-AEA6-E0CF369B42A6}"
EndProject
Project("{FAE04EC0-301F-11D3-BF4B-00C04F79EFBC}") = "14-02uzduotis", "14-02uzduotis\14-02uzduotis.csproj", "{1119A684-B00F-4C02-9176-33D7861EB4A5}"
EndProject
Project("{FAE04EC0-301F-11D3-BF4B-00C04F79EFBC}") = "14-01uzduotis", "14-01uzduotis\14-01uzduotis.csproj", "{20876980-8C75-4E34-B62D-5FC40DACEE28}"
EndProject
Project("{2150E333-8FDC-42A3-9474-1A3956D46DE8}") = "15 klasės", "15 klasės", "{F3AC8750-2DE9-4C5A-97BB-AC6177A0CD62}"
EndProject
Project("{FAE04EC0-301F-11D3-BF4B-00C04F79EFBC}") = "15-00_PVZ", "15-00_PVZ\15-00_PVZ.csproj", "{AAC1BBB2-002D-4817-B966-35382B27C81A}"
EndProject
Project("{FAE04EC0-301F-11D3-BF4B-00C04F79EFBC}") = "15-01_PVZ-studentai", "15-01_PVZ\15-01_PVZ-studentai.csproj", "{79E2E5D1-37F9-47B4-96BC-5296F8D5CC26}"
EndProject
Project("{FAE04EC0-301F-11D3-BF4B-00C04F79EFBC}") = "15-02_PVZ", "15-02_PVZ\15-02_PVZ.csproj", "{621D839E-8CF8-4A35-9976-5A2D475C41C7}"
EndProject
Project("{FAE04EC0-301F-11D3-BF4B-00C04F79EFBC}") = "15-Garazas", "15-Garazas\15-Garazas.csproj", "{CBC0D505-87B2-4969-9E16-32E6D1FC438D}"
EndProject
Project("{2150E333-8FDC-42A3-9474-1A3956D46DE8}") = "16 GUI", "16 GUI", "{7942035C-9795-4269-8ECA-A65F6CD00F6C}"
EndProject
Project("{FAE04EC0-301F-11D3-BF4B-00C04F79EFBC}") = "16-1pradmenys", "16-1pradmenys\16-1pradmenys.csproj", "{99076341-24ED-47A2-966C-2EC01BE77ED7}"
EndProject
Project("{FAE04EC0-301F-11D3-BF4B-00C04F79EFBC}") = "16-2-TRIKAMPIS", "16-2-TRIKAMPIS\16-2-TRIKAMPIS.csproj", "{D70088D5-D90E-4BF2-AFB2-D9AB01D85B26}"
EndProject
Project("{FAE04EC0-301F-11D3-BF4B-00C04F79EFBC}") = "16-3-TELEFONAI", "16-03-TELEFONAI\16-3-TELEFONAI.csproj", "{0F01E342-CFD3-4AFA-8142-28D384976D80}"
EndProject
Project("{FAE04EC0-301F-11D3-BF4B-00C04F79EFBC}") = "16_kontroline_uzd_20170201", "16_kontroline_uzd_20170201\16_kontroline_uzd_20170201.csproj", "{8E016E8E-23E0-4499-995D-2E8B3D64F46D}"
EndProject
Global
	GlobalSection(SolutionConfigurationPlatforms) = preSolution
		Debug|Any CPU = Debug|Any CPU
		Release|Any CPU = Release|Any CPU
	EndGlobalSection
	GlobalSection(ProjectConfigurationPlatforms) = postSolution
		{8A96B200-78E1-4DAB-839C-3087C093F91C}.Debug|Any CPU.ActiveCfg = Debug|Any CPU
		{8A96B200-78E1-4DAB-839C-3087C093F91C}.Debug|Any CPU.Build.0 = Debug|Any CPU
		{8A96B200-78E1-4DAB-839C-3087C093F91C}.Release|Any CPU.ActiveCfg = Release|Any CPU
		{8A96B200-78E1-4DAB-839C-3087C093F91C}.Release|Any CPU.Build.0 = Release|Any CPU
		{AABDB8E6-A941-41A6-990F-3AC857633CAC}.Debug|Any CPU.ActiveCfg = Debug|Any CPU
		{AABDB8E6-A941-41A6-990F-3AC857633CAC}.Debug|Any CPU.Build.0 = Debug|Any CPU
		{AABDB8E6-A941-41A6-990F-3AC857633CAC}.Release|Any CPU.ActiveCfg = Release|Any CPU
		{AABDB8E6-A941-41A6-990F-3AC857633CAC}.Release|Any CPU.Build.0 = Release|Any CPU
		{83063CDA-496C-4558-AE18-CC059A28DE0F}.Debug|Any CPU.ActiveCfg = Debug|Any CPU
		{83063CDA-496C-4558-AE18-CC059A28DE0F}.Debug|Any CPU.Build.0 = Debug|Any CPU
		{83063CDA-496C-4558-AE18-CC059A28DE0F}.Release|Any CPU.ActiveCfg = Release|Any CPU
		{83063CDA-496C-4558-AE18-CC059A28DE0F}.Release|Any CPU.Build.0 = Release|Any CPU
		{1A19BB1F-A379-48BC-A62E-095E7875AD2B}.Debug|Any CPU.ActiveCfg = Debug|Any CPU
		{1A19BB1F-A379-48BC-A62E-095E7875AD2B}.Debug|Any CPU.Build.0 = Debug|Any CPU
		{1A19BB1F-A379-48BC-A62E-095E7875AD2B}.Release|Any CPU.ActiveCfg = Release|Any CPU
		{1A19BB1F-A379-48BC-A62E-095E7875AD2B}.Release|Any CPU.Build.0 = Release|Any CPU
		{089A6DC4-BE21-41E4-B169-92A75DD12ACF}.Debug|Any CPU.ActiveCfg = Debug|Any CPU
		{089A6DC4-BE21-41E4-B169-92A75DD12ACF}.Debug|Any CPU.Build.0 = Debug|Any CPU
		{089A6DC4-BE21-41E4-B169-92A75DD12ACF}.Release|Any CPU.ActiveCfg = Release|Any CPU
		{089A6DC4-BE21-41E4-B169-92A75DD12ACF}.Release|Any CPU.Build.0 = Release|Any CPU
		{1ED2DAF1-136B-48AC-ACD8-7407758C7184}.Debug|Any CPU.ActiveCfg = Debug|Any CPU
		{1ED2DAF1-136B-48AC-ACD8-7407758C7184}.Debug|Any CPU.Build.0 = Debug|Any CPU
		{1ED2DAF1-136B-48AC-ACD8-7407758C7184}.Release|Any CPU.ActiveCfg = Release|Any CPU
		{1ED2DAF1-136B-48AC-ACD8-7407758C7184}.Release|Any CPU.Build.0 = Release|Any CPU
		{59BB3A4B-A216-4E4D-B4D2-C6B55BD9FE70}.Debug|Any CPU.ActiveCfg = Debug|Any CPU
		{59BB3A4B-A216-4E4D-B4D2-C6B55BD9FE70}.Debug|Any CPU.Build.0 = Debug|Any CPU
		{59BB3A4B-A216-4E4D-B4D2-C6B55BD9FE70}.Release|Any CPU.ActiveCfg = Release|Any CPU
		{59BB3A4B-A216-4E4D-B4D2-C6B55BD9FE70}.Release|Any CPU.Build.0 = Release|Any CPU
		{5C1CF695-5FC2-4BFE-8932-987E0135B9D0}.Debug|Any CPU.ActiveCfg = Debug|Any CPU
		{5C1CF695-5FC2-4BFE-8932-987E0135B9D0}.Debug|Any CPU.Build.0 = Debug|Any CPU
		{5C1CF695-5FC2-4BFE-8932-987E0135B9D0}.Release|Any CPU.ActiveCfg = Release|Any CPU
		{5C1CF695-5FC2-4BFE-8932-987E0135B9D0}.Release|Any CPU.Build.0 = Release|Any CPU
		{8981D71B-EC7B-4E3F-8295-973A59D4A0E5}.Debug|Any CPU.ActiveCfg = Debug|Any CPU
		{8981D71B-EC7B-4E3F-8295-973A59D4A0E5}.Debug|Any CPU.Build.0 = Debug|Any CPU
		{8981D71B-EC7B-4E3F-8295-973A59D4A0E5}.Release|Any CPU.ActiveCfg = Release|Any CPU
		{8981D71B-EC7B-4E3F-8295-973A59D4A0E5}.Release|Any CPU.Build.0 = Release|Any CPU
		{9F5D9765-E5B7-45BB-AB4A-5BB96EB5BF88}.Debug|Any CPU.ActiveCfg = Debug|Any CPU
		{9F5D9765-E5B7-45BB-AB4A-5BB96EB5BF88}.Debug|Any CPU.Build.0 = Debug|Any CPU
		{9F5D9765-E5B7-45BB-AB4A-5BB96EB5BF88}.Release|Any CPU.ActiveCfg = Release|Any CPU
		{9F5D9765-E5B7-45BB-AB4A-5BB96EB5BF88}.Release|Any CPU.Build.0 = Release|Any CPU
		{DBE47787-99ED-4B8B-AAA9-9ADA64C0E4C6}.Debug|Any CPU.ActiveCfg = Debug|Any CPU
		{DBE47787-99ED-4B8B-AAA9-9ADA64C0E4C6}.Debug|Any CPU.Build.0 = Debug|Any CPU
		{DBE47787-99ED-4B8B-AAA9-9ADA64C0E4C6}.Release|Any CPU.ActiveCfg = Release|Any CPU
		{DBE47787-99ED-4B8B-AAA9-9ADA64C0E4C6}.Release|Any CPU.Build.0 = Release|Any CPU
		{B32FA998-7293-4210-868C-232DFFBB3080}.Debug|Any CPU.ActiveCfg = Debug|Any CPU
		{B32FA998-7293-4210-868C-232DFFBB3080}.Debug|Any CPU.Build.0 = Debug|Any CPU
		{B32FA998-7293-4210-868C-232DFFBB3080}.Release|Any CPU.ActiveCfg = Release|Any CPU
		{B32FA998-7293-4210-868C-232DFFBB3080}.Release|Any CPU.Build.0 = Release|Any CPU
		{9A14C1A3-D6B5-473F-A244-162517528FDC}.Debug|Any CPU.ActiveCfg = Debug|Any CPU
		{9A14C1A3-D6B5-473F-A244-162517528FDC}.Debug|Any CPU.Build.0 = Debug|Any CPU
		{9A14C1A3-D6B5-473F-A244-162517528FDC}.Release|Any CPU.ActiveCfg = Release|Any CPU
		{9A14C1A3-D6B5-473F-A244-162517528FDC}.Release|Any CPU.Build.0 = Release|Any CPU
		{EFFB69B1-4EB1-4B0C-A790-36B053419685}.Debug|Any CPU.ActiveCfg = Debug|Any CPU
		{EFFB69B1-4EB1-4B0C-A790-36B053419685}.Debug|Any CPU.Build.0 = Debug|Any CPU
		{EFFB69B1-4EB1-4B0C-A790-36B053419685}.Release|Any CPU.ActiveCfg = Release|Any CPU
		{EFFB69B1-4EB1-4B0C-A790-36B053419685}.Release|Any CPU.Build.0 = Release|Any CPU
		{793622A6-8B97-4C10-B7B7-B53480D4882A}.Debug|Any CPU.ActiveCfg = Debug|Any CPU
		{793622A6-8B97-4C10-B7B7-B53480D4882A}.Debug|Any CPU.Build.0 = Debug|Any CPU
		{793622A6-8B97-4C10-B7B7-B53480D4882A}.Release|Any CPU.ActiveCfg = Release|Any CPU
		{793622A6-8B97-4C10-B7B7-B53480D4882A}.Release|Any CPU.Build.0 = Release|Any CPU
		{4A0243FF-7BDA-4AEA-B818-F3E3B071D1EE}.Debug|Any CPU.ActiveCfg = Debug|Any CPU
		{4A0243FF-7BDA-4AEA-B818-F3E3B071D1EE}.Debug|Any CPU.Build.0 = Debug|Any CPU
		{4A0243FF-7BDA-4AEA-B818-F3E3B071D1EE}.Release|Any CPU.ActiveCfg = Release|Any CPU
		{4A0243FF-7BDA-4AEA-B818-F3E3B071D1EE}.Release|Any CPU.Build.0 = Release|Any CPU
		{88927626-1B87-472D-B1D0-75B311568FC4}.Debug|Any CPU.ActiveCfg = Debug|Any CPU
		{88927626-1B87-472D-B1D0-75B311568FC4}.Debug|Any CPU.Build.0 = Debug|Any CPU
		{88927626-1B87-472D-B1D0-75B311568FC4}.Release|Any CPU.ActiveCfg = Release|Any CPU
		{88927626-1B87-472D-B1D0-75B311568FC4}.Release|Any CPU.Build.0 = Release|Any CPU
		{DD5F28CE-532C-4944-91CE-72FBB0D69AE1}.Debug|Any CPU.ActiveCfg = Debug|Any CPU
		{DD5F28CE-532C-4944-91CE-72FBB0D69AE1}.Debug|Any CPU.Build.0 = Debug|Any CPU
		{DD5F28CE-532C-4944-91CE-72FBB0D69AE1}.Release|Any CPU.ActiveCfg = Release|Any CPU
		{DD5F28CE-532C-4944-91CE-72FBB0D69AE1}.Release|Any CPU.Build.0 = Release|Any CPU
		{E5B17AF0-5BD0-4393-8FE8-F146A7B06D02}.Debug|Any CPU.ActiveCfg = Debug|Any CPU
		{E5B17AF0-5BD0-4393-8FE8-F146A7B06D02}.Debug|Any CPU.Build.0 = Debug|Any CPU
		{E5B17AF0-5BD0-4393-8FE8-F146A7B06D02}.Release|Any CPU.ActiveCfg = Release|Any CPU
		{E5B17AF0-5BD0-4393-8FE8-F146A7B06D02}.Release|Any CPU.Build.0 = Release|Any CPU
		{E3AFAD7A-19D1-4C71-AC03-7F0EB6455BF1}.Debug|Any CPU.ActiveCfg = Debug|Any CPU
		{E3AFAD7A-19D1-4C71-AC03-7F0EB6455BF1}.Debug|Any CPU.Build.0 = Debug|Any CPU
		{E3AFAD7A-19D1-4C71-AC03-7F0EB6455BF1}.Release|Any CPU.ActiveCfg = Release|Any CPU
		{E3AFAD7A-19D1-4C71-AC03-7F0EB6455BF1}.Release|Any CPU.Build.0 = Release|Any CPU
		{15EF7BD8-FAB7-4D08-B5C6-95FEED3FFC45}.Debug|Any CPU.ActiveCfg = Debug|Any CPU
		{15EF7BD8-FAB7-4D08-B5C6-95FEED3FFC45}.Debug|Any CPU.Build.0 = Debug|Any CPU
		{15EF7BD8-FAB7-4D08-B5C6-95FEED3FFC45}.Release|Any CPU.ActiveCfg = Release|Any CPU
		{15EF7BD8-FAB7-4D08-B5C6-95FEED3FFC45}.Release|Any CPU.Build.0 = Release|Any CPU
		{3ADDEA1F-D584-4CCF-918B-5E1121F2E48C}.Debug|Any CPU.ActiveCfg = Debug|Any CPU
		{3ADDEA1F-D584-4CCF-918B-5E1121F2E48C}.Debug|Any CPU.Build.0 = Debug|Any CPU
		{3ADDEA1F-D584-4CCF-918B-5E1121F2E48C}.Release|Any CPU.ActiveCfg = Release|Any CPU
		{3ADDEA1F-D584-4CCF-918B-5E1121F2E48C}.Release|Any CPU.Build.0 = Release|Any CPU
		{4940BA5F-F4B5-4BD7-AC88-F874922AB635}.Debug|Any CPU.ActiveCfg = Debug|Any CPU
		{4940BA5F-F4B5-4BD7-AC88-F874922AB635}.Debug|Any CPU.Build.0 = Debug|Any CPU
		{4940BA5F-F4B5-4BD7-AC88-F874922AB635}.Release|Any CPU.ActiveCfg = Release|Any CPU
		{4940BA5F-F4B5-4BD7-AC88-F874922AB635}.Release|Any CPU.Build.0 = Release|Any CPU
		{AAB2454A-9B10-4FEE-87AE-836811040B1A}.Debug|Any CPU.ActiveCfg = Debug|Any CPU
		{AAB2454A-9B10-4FEE-87AE-836811040B1A}.Debug|Any CPU.Build.0 = Debug|Any CPU
		{AAB2454A-9B10-4FEE-87AE-836811040B1A}.Release|Any CPU.ActiveCfg = Release|Any CPU
		{AAB2454A-9B10-4FEE-87AE-836811040B1A}.Release|Any CPU.Build.0 = Release|Any CPU
		{B32416C8-AEEB-4C33-94BC-B9EB5A6486B4}.Debug|Any CPU.ActiveCfg = Debug|Any CPU
		{B32416C8-AEEB-4C33-94BC-B9EB5A6486B4}.Debug|Any CPU.Build.0 = Debug|Any CPU
		{B32416C8-AEEB-4C33-94BC-B9EB5A6486B4}.Release|Any CPU.ActiveCfg = Release|Any CPU
		{B32416C8-AEEB-4C33-94BC-B9EB5A6486B4}.Release|Any CPU.Build.0 = Release|Any CPU
		{CE04849D-9E6F-48EB-B962-64AF14B6EED0}.Debug|Any CPU.ActiveCfg = Debug|Any CPU
		{CE04849D-9E6F-48EB-B962-64AF14B6EED0}.Debug|Any CPU.Build.0 = Debug|Any CPU
		{CE04849D-9E6F-48EB-B962-64AF14B6EED0}.Release|Any CPU.ActiveCfg = Release|Any CPU
		{CE04849D-9E6F-48EB-B962-64AF14B6EED0}.Release|Any CPU.Build.0 = Release|Any CPU
		{015A3398-84DA-4F93-B807-102E5ED83082}.Debug|Any CPU.ActiveCfg = Debug|Any CPU
		{015A3398-84DA-4F93-B807-102E5ED83082}.Debug|Any CPU.Build.0 = Debug|Any CPU
		{015A3398-84DA-4F93-B807-102E5ED83082}.Release|Any CPU.ActiveCfg = Release|Any CPU
		{015A3398-84DA-4F93-B807-102E5ED83082}.Release|Any CPU.Build.0 = Release|Any CPU
		{225D715D-3718-45B4-9F2E-72348FC88292}.Debug|Any CPU.ActiveCfg = Debug|Any CPU
		{225D715D-3718-45B4-9F2E-72348FC88292}.Debug|Any CPU.Build.0 = Debug|Any CPU
		{225D715D-3718-45B4-9F2E-72348FC88292}.Release|Any CPU.ActiveCfg = Release|Any CPU
		{225D715D-3718-45B4-9F2E-72348FC88292}.Release|Any CPU.Build.0 = Release|Any CPU
		{946B787D-CD3D-4214-98B3-FED964BFC463}.Debug|Any CPU.ActiveCfg = Debug|Any CPU
		{946B787D-CD3D-4214-98B3-FED964BFC463}.Debug|Any CPU.Build.0 = Debug|Any CPU
		{946B787D-CD3D-4214-98B3-FED964BFC463}.Release|Any CPU.ActiveCfg = Release|Any CPU
		{946B787D-CD3D-4214-98B3-FED964BFC463}.Release|Any CPU.Build.0 = Release|Any CPU
		{82C9F482-A9AE-43CF-9B7D-71E8408BE149}.Debug|Any CPU.ActiveCfg = Debug|Any CPU
		{82C9F482-A9AE-43CF-9B7D-71E8408BE149}.Debug|Any CPU.Build.0 = Debug|Any CPU
		{82C9F482-A9AE-43CF-9B7D-71E8408BE149}.Release|Any CPU.ActiveCfg = Release|Any CPU
		{82C9F482-A9AE-43CF-9B7D-71E8408BE149}.Release|Any CPU.Build.0 = Release|Any CPU
		{232B00BD-C4A0-4872-AF4A-DF009D97FBBC}.Debug|Any CPU.ActiveCfg = Debug|Any CPU
		{232B00BD-C4A0-4872-AF4A-DF009D97FBBC}.Debug|Any CPU.Build.0 = Debug|Any CPU
		{232B00BD-C4A0-4872-AF4A-DF009D97FBBC}.Release|Any CPU.ActiveCfg = Release|Any CPU
		{232B00BD-C4A0-4872-AF4A-DF009D97FBBC}.Release|Any CPU.Build.0 = Release|Any CPU
		{4679EB6D-42F4-408B-A5DC-41CC22A6296C}.Debug|Any CPU.ActiveCfg = Debug|Any CPU
		{4679EB6D-42F4-408B-A5DC-41CC22A6296C}.Debug|Any CPU.Build.0 = Debug|Any CPU
		{4679EB6D-42F4-408B-A5DC-41CC22A6296C}.Release|Any CPU.ActiveCfg = Release|Any CPU
		{4679EB6D-42F4-408B-A5DC-41CC22A6296C}.Release|Any CPU.Build.0 = Release|Any CPU
		{497FE871-466E-4190-BC19-DAC7A0531DA1}.Debug|Any CPU.ActiveCfg = Debug|Any CPU
		{497FE871-466E-4190-BC19-DAC7A0531DA1}.Debug|Any CPU.Build.0 = Debug|Any CPU
		{497FE871-466E-4190-BC19-DAC7A0531DA1}.Release|Any CPU.ActiveCfg = Release|Any CPU
		{497FE871-466E-4190-BC19-DAC7A0531DA1}.Release|Any CPU.Build.0 = Release|Any CPU
		{16389568-439D-4C9A-B0C5-5C11A547BE6C}.Debug|Any CPU.ActiveCfg = Debug|Any CPU
		{16389568-439D-4C9A-B0C5-5C11A547BE6C}.Debug|Any CPU.Build.0 = Debug|Any CPU
		{16389568-439D-4C9A-B0C5-5C11A547BE6C}.Release|Any CPU.ActiveCfg = Release|Any CPU
		{16389568-439D-4C9A-B0C5-5C11A547BE6C}.Release|Any CPU.Build.0 = Release|Any CPU
		{C0DC0533-2470-45E1-BAE3-2C5F1E27CB87}.Debug|Any CPU.ActiveCfg = Debug|Any CPU
		{C0DC0533-2470-45E1-BAE3-2C5F1E27CB87}.Debug|Any CPU.Build.0 = Debug|Any CPU
		{C0DC0533-2470-45E1-BAE3-2C5F1E27CB87}.Release|Any CPU.ActiveCfg = Release|Any CPU
		{C0DC0533-2470-45E1-BAE3-2C5F1E27CB87}.Release|Any CPU.Build.0 = Release|Any CPU
		{E91CB040-0AD1-4798-A8E3-D1CE2733174B}.Debug|Any CPU.ActiveCfg = Debug|Any CPU
		{E91CB040-0AD1-4798-A8E3-D1CE2733174B}.Debug|Any CPU.Build.0 = Debug|Any CPU
		{E91CB040-0AD1-4798-A8E3-D1CE2733174B}.Release|Any CPU.ActiveCfg = Release|Any CPU
		{E91CB040-0AD1-4798-A8E3-D1CE2733174B}.Release|Any CPU.Build.0 = Release|Any CPU
		{DA234475-2579-400B-9633-709A15E45BDB}.Debug|Any CPU.ActiveCfg = Debug|Any CPU
		{DA234475-2579-400B-9633-709A15E45BDB}.Debug|Any CPU.Build.0 = Debug|Any CPU
		{DA234475-2579-400B-9633-709A15E45BDB}.Release|Any CPU.ActiveCfg = Release|Any CPU
		{DA234475-2579-400B-9633-709A15E45BDB}.Release|Any CPU.Build.0 = Release|Any CPU
		{1F35689B-F614-479D-88DD-3A78E2E7C9A0}.Debug|Any CPU.ActiveCfg = Debug|Any CPU
		{1F35689B-F614-479D-88DD-3A78E2E7C9A0}.Debug|Any CPU.Build.0 = Debug|Any CPU
		{1F35689B-F614-479D-88DD-3A78E2E7C9A0}.Release|Any CPU.ActiveCfg = Release|Any CPU
		{1F35689B-F614-479D-88DD-3A78E2E7C9A0}.Release|Any CPU.Build.0 = Release|Any CPU
		{3770D208-ECED-411C-88EA-A46E55686FC4}.Debug|Any CPU.ActiveCfg = Debug|Any CPU
		{3770D208-ECED-411C-88EA-A46E55686FC4}.Debug|Any CPU.Build.0 = Debug|Any CPU
		{3770D208-ECED-411C-88EA-A46E55686FC4}.Release|Any CPU.ActiveCfg = Release|Any CPU
		{3770D208-ECED-411C-88EA-A46E55686FC4}.Release|Any CPU.Build.0 = Release|Any CPU
		{30E93EEC-35C4-4E0F-86B9-D4DF48FB0CAD}.Debug|Any CPU.ActiveCfg = Debug|Any CPU
		{30E93EEC-35C4-4E0F-86B9-D4DF48FB0CAD}.Debug|Any CPU.Build.0 = Debug|Any CPU
		{30E93EEC-35C4-4E0F-86B9-D4DF48FB0CAD}.Release|Any CPU.ActiveCfg = Release|Any CPU
		{30E93EEC-35C4-4E0F-86B9-D4DF48FB0CAD}.Release|Any CPU.Build.0 = Release|Any CPU
		{672EFE2D-C406-4636-B5B5-E0C34CE18284}.Debug|Any CPU.ActiveCfg = Debug|Any CPU
		{672EFE2D-C406-4636-B5B5-E0C34CE18284}.Debug|Any CPU.Build.0 = Debug|Any CPU
		{672EFE2D-C406-4636-B5B5-E0C34CE18284}.Release|Any CPU.ActiveCfg = Release|Any CPU
		{672EFE2D-C406-4636-B5B5-E0C34CE18284}.Release|Any CPU.Build.0 = Release|Any CPU
		{F776ABB9-CD0B-49B7-8B58-B7EE557F69A9}.Debug|Any CPU.ActiveCfg = Debug|Any CPU
		{F776ABB9-CD0B-49B7-8B58-B7EE557F69A9}.Debug|Any CPU.Build.0 = Debug|Any CPU
		{F776ABB9-CD0B-49B7-8B58-B7EE557F69A9}.Release|Any CPU.ActiveCfg = Release|Any CPU
		{F776ABB9-CD0B-49B7-8B58-B7EE557F69A9}.Release|Any CPU.Build.0 = Release|Any CPU
		{C9ECA6B4-3B7F-4F50-8978-02744E93190A}.Debug|Any CPU.ActiveCfg = Debug|Any CPU
		{C9ECA6B4-3B7F-4F50-8978-02744E93190A}.Debug|Any CPU.Build.0 = Debug|Any CPU
		{C9ECA6B4-3B7F-4F50-8978-02744E93190A}.Release|Any CPU.ActiveCfg = Release|Any CPU
		{C9ECA6B4-3B7F-4F50-8978-02744E93190A}.Release|Any CPU.Build.0 = Release|Any CPU
		{5DB0B6C6-16CE-413A-9D19-C261EBEB0528}.Debug|Any CPU.ActiveCfg = Debug|Any CPU
		{5DB0B6C6-16CE-413A-9D19-C261EBEB0528}.Debug|Any CPU.Build.0 = Debug|Any CPU
		{5DB0B6C6-16CE-413A-9D19-C261EBEB0528}.Release|Any CPU.ActiveCfg = Release|Any CPU
		{5DB0B6C6-16CE-413A-9D19-C261EBEB0528}.Release|Any CPU.Build.0 = Release|Any CPU
		{009F57C0-8FFB-4658-8B68-D3A105F0520D}.Debug|Any CPU.ActiveCfg = Debug|Any CPU
		{009F57C0-8FFB-4658-8B68-D3A105F0520D}.Debug|Any CPU.Build.0 = Debug|Any CPU
		{009F57C0-8FFB-4658-8B68-D3A105F0520D}.Release|Any CPU.ActiveCfg = Release|Any CPU
		{009F57C0-8FFB-4658-8B68-D3A105F0520D}.Release|Any CPU.Build.0 = Release|Any CPU
		{C57DD22A-ADB9-4AD8-9150-735B0FE934CE}.Debug|Any CPU.ActiveCfg = Debug|Any CPU
		{C57DD22A-ADB9-4AD8-9150-735B0FE934CE}.Debug|Any CPU.Build.0 = Debug|Any CPU
		{C57DD22A-ADB9-4AD8-9150-735B0FE934CE}.Release|Any CPU.ActiveCfg = Release|Any CPU
		{C57DD22A-ADB9-4AD8-9150-735B0FE934CE}.Release|Any CPU.Build.0 = Release|Any CPU
		{BC6E1F54-957E-49D0-8C61-D14F045848C7}.Debug|Any CPU.ActiveCfg = Debug|Any CPU
		{BC6E1F54-957E-49D0-8C61-D14F045848C7}.Debug|Any CPU.Build.0 = Debug|Any CPU
		{BC6E1F54-957E-49D0-8C61-D14F045848C7}.Release|Any CPU.ActiveCfg = Release|Any CPU
		{BC6E1F54-957E-49D0-8C61-D14F045848C7}.Release|Any CPU.Build.0 = Release|Any CPU
		{9B34CA48-8BA1-47A8-AE20-F8EB8047782E}.Debug|Any CPU.ActiveCfg = Debug|Any CPU
		{9B34CA48-8BA1-47A8-AE20-F8EB8047782E}.Debug|Any CPU.Build.0 = Debug|Any CPU
		{9B34CA48-8BA1-47A8-AE20-F8EB8047782E}.Release|Any CPU.ActiveCfg = Release|Any CPU
		{9B34CA48-8BA1-47A8-AE20-F8EB8047782E}.Release|Any CPU.Build.0 = Release|Any CPU
		{90C3EC02-EF9A-44DC-9CAC-580012013FC8}.Debug|Any CPU.ActiveCfg = Debug|Any CPU
		{90C3EC02-EF9A-44DC-9CAC-580012013FC8}.Debug|Any CPU.Build.0 = Debug|Any CPU
		{90C3EC02-EF9A-44DC-9CAC-580012013FC8}.Release|Any CPU.ActiveCfg = Release|Any CPU
		{90C3EC02-EF9A-44DC-9CAC-580012013FC8}.Release|Any CPU.Build.0 = Release|Any CPU
		{BB563D67-2A95-49FC-9359-58C60DCE8330}.Debug|Any CPU.ActiveCfg = Debug|Any CPU
		{BB563D67-2A95-49FC-9359-58C60DCE8330}.Debug|Any CPU.Build.0 = Debug|Any CPU
		{BB563D67-2A95-49FC-9359-58C60DCE8330}.Release|Any CPU.ActiveCfg = Release|Any CPU
		{BB563D67-2A95-49FC-9359-58C60DCE8330}.Release|Any CPU.Build.0 = Release|Any CPU
		{6C1CEE64-876D-493C-847C-E2A138931FB3}.Debug|Any CPU.ActiveCfg = Debug|Any CPU
		{6C1CEE64-876D-493C-847C-E2A138931FB3}.Debug|Any CPU.Build.0 = Debug|Any CPU
		{6C1CEE64-876D-493C-847C-E2A138931FB3}.Release|Any CPU.ActiveCfg = Release|Any CPU
		{6C1CEE64-876D-493C-847C-E2A138931FB3}.Release|Any CPU.Build.0 = Release|Any CPU
		{7666F6BF-D245-406A-AAE4-703A771A33BF}.Debug|Any CPU.ActiveCfg = Debug|Any CPU
		{7666F6BF-D245-406A-AAE4-703A771A33BF}.Debug|Any CPU.Build.0 = Debug|Any CPU
		{7666F6BF-D245-406A-AAE4-703A771A33BF}.Release|Any CPU.ActiveCfg = Release|Any CPU
		{7666F6BF-D245-406A-AAE4-703A771A33BF}.Release|Any CPU.Build.0 = Release|Any CPU
		{8228AC08-27C1-46A5-822D-C3CD2E29B9B1}.Debug|Any CPU.ActiveCfg = Debug|Any CPU
		{8228AC08-27C1-46A5-822D-C3CD2E29B9B1}.Debug|Any CPU.Build.0 = Debug|Any CPU
		{8228AC08-27C1-46A5-822D-C3CD2E29B9B1}.Release|Any CPU.ActiveCfg = Release|Any CPU
		{8228AC08-27C1-46A5-822D-C3CD2E29B9B1}.Release|Any CPU.Build.0 = Release|Any CPU
		{6F5E1DBC-6C24-4AFC-B409-FE7E0468A28A}.Debug|Any CPU.ActiveCfg = Debug|Any CPU
		{6F5E1DBC-6C24-4AFC-B409-FE7E0468A28A}.Debug|Any CPU.Build.0 = Debug|Any CPU
		{6F5E1DBC-6C24-4AFC-B409-FE7E0468A28A}.Release|Any CPU.ActiveCfg = Release|Any CPU
		{6F5E1DBC-6C24-4AFC-B409-FE7E0468A28A}.Release|Any CPU.Build.0 = Release|Any CPU
		{E3F2359E-D0C7-42BD-A240-6D58C950A56F}.Debug|Any CPU.ActiveCfg = Debug|Any CPU
		{E3F2359E-D0C7-42BD-A240-6D58C950A56F}.Debug|Any CPU.Build.0 = Debug|Any CPU
		{E3F2359E-D0C7-42BD-A240-6D58C950A56F}.Release|Any CPU.ActiveCfg = Release|Any CPU
		{E3F2359E-D0C7-42BD-A240-6D58C950A56F}.Release|Any CPU.Build.0 = Release|Any CPU
		{D621366F-8384-4876-A55C-FC0153F8AC15}.Debug|Any CPU.ActiveCfg = Debug|Any CPU
		{D621366F-8384-4876-A55C-FC0153F8AC15}.Debug|Any CPU.Build.0 = Debug|Any CPU
		{D621366F-8384-4876-A55C-FC0153F8AC15}.Release|Any CPU.ActiveCfg = Release|Any CPU
		{D621366F-8384-4876-A55C-FC0153F8AC15}.Release|Any CPU.Build.0 = Release|Any CPU
		{FDF54E5E-7B10-4949-9191-58C816714F9C}.Debug|Any CPU.ActiveCfg = Debug|Any CPU
		{FDF54E5E-7B10-4949-9191-58C816714F9C}.Debug|Any CPU.Build.0 = Debug|Any CPU
		{FDF54E5E-7B10-4949-9191-58C816714F9C}.Release|Any CPU.ActiveCfg = Release|Any CPU
		{FDF54E5E-7B10-4949-9191-58C816714F9C}.Release|Any CPU.Build.0 = Release|Any CPU
		{68393C02-2E2D-4FF2-B2BA-D2CD436BDD48}.Debug|Any CPU.ActiveCfg = Debug|Any CPU
		{68393C02-2E2D-4FF2-B2BA-D2CD436BDD48}.Debug|Any CPU.Build.0 = Debug|Any CPU
		{68393C02-2E2D-4FF2-B2BA-D2CD436BDD48}.Release|Any CPU.ActiveCfg = Release|Any CPU
		{68393C02-2E2D-4FF2-B2BA-D2CD436BDD48}.Release|Any CPU.Build.0 = Release|Any CPU
		{165223F0-D8B3-421E-A112-F907EFBD201E}.Debug|Any CPU.ActiveCfg = Debug|Any CPU
		{165223F0-D8B3-421E-A112-F907EFBD201E}.Debug|Any CPU.Build.0 = Debug|Any CPU
		{165223F0-D8B3-421E-A112-F907EFBD201E}.Release|Any CPU.ActiveCfg = Release|Any CPU
		{165223F0-D8B3-421E-A112-F907EFBD201E}.Release|Any CPU.Build.0 = Release|Any CPU
		{765B2485-7ACB-4374-94AC-0A021FCBA88F}.Debug|Any CPU.ActiveCfg = Debug|Any CPU
		{765B2485-7ACB-4374-94AC-0A021FCBA88F}.Debug|Any CPU.Build.0 = Debug|Any CPU
		{765B2485-7ACB-4374-94AC-0A021FCBA88F}.Release|Any CPU.ActiveCfg = Release|Any CPU
		{765B2485-7ACB-4374-94AC-0A021FCBA88F}.Release|Any CPU.Build.0 = Release|Any CPU
		{B481E10C-A3CC-45B0-AE5E-BE407ADB2ACF}.Debug|Any CPU.ActiveCfg = Debug|Any CPU
		{B481E10C-A3CC-45B0-AE5E-BE407ADB2ACF}.Debug|Any CPU.Build.0 = Debug|Any CPU
		{B481E10C-A3CC-45B0-AE5E-BE407ADB2ACF}.Release|Any CPU.ActiveCfg = Release|Any CPU
		{B481E10C-A3CC-45B0-AE5E-BE407ADB2ACF}.Release|Any CPU.Build.0 = Release|Any CPU
		{059F9A1A-DB8B-4B8F-8607-8EEA716CFE46}.Debug|Any CPU.ActiveCfg = Debug|Any CPU
		{059F9A1A-DB8B-4B8F-8607-8EEA716CFE46}.Debug|Any CPU.Build.0 = Debug|Any CPU
		{059F9A1A-DB8B-4B8F-8607-8EEA716CFE46}.Release|Any CPU.ActiveCfg = Release|Any CPU
		{059F9A1A-DB8B-4B8F-8607-8EEA716CFE46}.Release|Any CPU.Build.0 = Release|Any CPU
		{1A5E2C2D-F2B0-4E09-BED4-9284BC4C3B93}.Debug|Any CPU.ActiveCfg = Debug|Any CPU
		{1A5E2C2D-F2B0-4E09-BED4-9284BC4C3B93}.Debug|Any CPU.Build.0 = Debug|Any CPU
		{1A5E2C2D-F2B0-4E09-BED4-9284BC4C3B93}.Release|Any CPU.ActiveCfg = Release|Any CPU
		{1A5E2C2D-F2B0-4E09-BED4-9284BC4C3B93}.Release|Any CPU.Build.0 = Release|Any CPU
		{EDA262CE-AFF8-46FC-9B37-C29C3CAE16CA}.Debug|Any CPU.ActiveCfg = Debug|Any CPU
		{EDA262CE-AFF8-46FC-9B37-C29C3CAE16CA}.Debug|Any CPU.Build.0 = Debug|Any CPU
		{EDA262CE-AFF8-46FC-9B37-C29C3CAE16CA}.Release|Any CPU.ActiveCfg = Release|Any CPU
		{EDA262CE-AFF8-46FC-9B37-C29C3CAE16CA}.Release|Any CPU.Build.0 = Release|Any CPU
		{A797C1B7-8AEB-457E-9BD0-4B10A27540C1}.Debug|Any CPU.ActiveCfg = Debug|Any CPU
		{A797C1B7-8AEB-457E-9BD0-4B10A27540C1}.Debug|Any CPU.Build.0 = Debug|Any CPU
		{A797C1B7-8AEB-457E-9BD0-4B10A27540C1}.Release|Any CPU.ActiveCfg = Release|Any CPU
		{A797C1B7-8AEB-457E-9BD0-4B10A27540C1}.Release|Any CPU.Build.0 = Release|Any CPU
		{67554A5D-02FC-491F-A355-FD4F28E7C59C}.Debug|Any CPU.ActiveCfg = Debug|Any CPU
		{67554A5D-02FC-491F-A355-FD4F28E7C59C}.Debug|Any CPU.Build.0 = Debug|Any CPU
		{67554A5D-02FC-491F-A355-FD4F28E7C59C}.Release|Any CPU.ActiveCfg = Release|Any CPU
		{67554A5D-02FC-491F-A355-FD4F28E7C59C}.Release|Any CPU.Build.0 = Release|Any CPU
		{71466F90-97C9-4B7F-A6AA-171EC34A33E1}.Debug|Any CPU.ActiveCfg = Debug|Any CPU
		{71466F90-97C9-4B7F-A6AA-171EC34A33E1}.Debug|Any CPU.Build.0 = Debug|Any CPU
		{71466F90-97C9-4B7F-A6AA-171EC34A33E1}.Release|Any CPU.ActiveCfg = Release|Any CPU
		{71466F90-97C9-4B7F-A6AA-171EC34A33E1}.Release|Any CPU.Build.0 = Release|Any CPU
		{BFB1AD9D-9BDA-426D-9496-E681AF64F986}.Debug|Any CPU.ActiveCfg = Debug|Any CPU
		{BFB1AD9D-9BDA-426D-9496-E681AF64F986}.Debug|Any CPU.Build.0 = Debug|Any CPU
		{BFB1AD9D-9BDA-426D-9496-E681AF64F986}.Release|Any CPU.ActiveCfg = Release|Any CPU
		{BFB1AD9D-9BDA-426D-9496-E681AF64F986}.Release|Any CPU.Build.0 = Release|Any CPU
		{49A12D43-27DA-4AE9-9A87-15C8914C4028}.Debug|Any CPU.ActiveCfg = Debug|Any CPU
		{49A12D43-27DA-4AE9-9A87-15C8914C4028}.Debug|Any CPU.Build.0 = Debug|Any CPU
		{49A12D43-27DA-4AE9-9A87-15C8914C4028}.Release|Any CPU.ActiveCfg = Release|Any CPU
		{49A12D43-27DA-4AE9-9A87-15C8914C4028}.Release|Any CPU.Build.0 = Release|Any CPU
		{94FCF1CE-4D43-48F1-8A23-0FE8549E1C76}.Debug|Any CPU.ActiveCfg = Debug|Any CPU
		{94FCF1CE-4D43-48F1-8A23-0FE8549E1C76}.Debug|Any CPU.Build.0 = Debug|Any CPU
		{94FCF1CE-4D43-48F1-8A23-0FE8549E1C76}.Release|Any CPU.ActiveCfg = Release|Any CPU
		{94FCF1CE-4D43-48F1-8A23-0FE8549E1C76}.Release|Any CPU.Build.0 = Release|Any CPU
		{9BC003E3-F1D2-468D-9A75-5C809D6B7854}.Debug|Any CPU.ActiveCfg = Debug|Any CPU
		{9BC003E3-F1D2-468D-9A75-5C809D6B7854}.Debug|Any CPU.Build.0 = Debug|Any CPU
		{9BC003E3-F1D2-468D-9A75-5C809D6B7854}.Release|Any CPU.ActiveCfg = Release|Any CPU
		{9BC003E3-F1D2-468D-9A75-5C809D6B7854}.Release|Any CPU.Build.0 = Release|Any CPU
		{25148306-B4CF-4155-AEA6-E0CF369B42A6}.Debug|Any CPU.ActiveCfg = Debug|Any CPU
		{25148306-B4CF-4155-AEA6-E0CF369B42A6}.Debug|Any CPU.Build.0 = Debug|Any CPU
		{25148306-B4CF-4155-AEA6-E0CF369B42A6}.Release|Any CPU.ActiveCfg = Release|Any CPU
		{25148306-B4CF-4155-AEA6-E0CF369B42A6}.Release|Any CPU.Build.0 = Release|Any CPU
		{1119A684-B00F-4C02-9176-33D7861EB4A5}.Debug|Any CPU.ActiveCfg = Debug|Any CPU
		{1119A684-B00F-4C02-9176-33D7861EB4A5}.Debug|Any CPU.Build.0 = Debug|Any CPU
		{1119A684-B00F-4C02-9176-33D7861EB4A5}.Release|Any CPU.ActiveCfg = Release|Any CPU
		{1119A684-B00F-4C02-9176-33D7861EB4A5}.Release|Any CPU.Build.0 = Release|Any CPU
		{20876980-8C75-4E34-B62D-5FC40DACEE28}.Debug|Any CPU.ActiveCfg = Debug|Any CPU
		{20876980-8C75-4E34-B62D-5FC40DACEE28}.Debug|Any CPU.Build.0 = Debug|Any CPU
		{20876980-8C75-4E34-B62D-5FC40DACEE28}.Release|Any CPU.ActiveCfg = Release|Any CPU
		{20876980-8C75-4E34-B62D-5FC40DACEE28}.Release|Any CPU.Build.0 = Release|Any CPU
		{AAC1BBB2-002D-4817-B966-35382B27C81A}.Debug|Any CPU.ActiveCfg = Debug|Any CPU
		{AAC1BBB2-002D-4817-B966-35382B27C81A}.Debug|Any CPU.Build.0 = Debug|Any CPU
		{AAC1BBB2-002D-4817-B966-35382B27C81A}.Release|Any CPU.ActiveCfg = Release|Any CPU
		{AAC1BBB2-002D-4817-B966-35382B27C81A}.Release|Any CPU.Build.0 = Release|Any CPU
		{79E2E5D1-37F9-47B4-96BC-5296F8D5CC26}.Debug|Any CPU.ActiveCfg = Debug|Any CPU
		{79E2E5D1-37F9-47B4-96BC-5296F8D5CC26}.Debug|Any CPU.Build.0 = Debug|Any CPU
		{79E2E5D1-37F9-47B4-96BC-5296F8D5CC26}.Release|Any CPU.ActiveCfg = Release|Any CPU
		{79E2E5D1-37F9-47B4-96BC-5296F8D5CC26}.Release|Any CPU.Build.0 = Release|Any CPU
		{621D839E-8CF8-4A35-9976-5A2D475C41C7}.Debug|Any CPU.ActiveCfg = Debug|Any CPU
		{621D839E-8CF8-4A35-9976-5A2D475C41C7}.Debug|Any CPU.Build.0 = Debug|Any CPU
		{621D839E-8CF8-4A35-9976-5A2D475C41C7}.Release|Any CPU.ActiveCfg = Release|Any CPU
		{621D839E-8CF8-4A35-9976-5A2D475C41C7}.Release|Any CPU.Build.0 = Release|Any CPU
		{CBC0D505-87B2-4969-9E16-32E6D1FC438D}.Debug|Any CPU.ActiveCfg = Debug|Any CPU
		{CBC0D505-87B2-4969-9E16-32E6D1FC438D}.Debug|Any CPU.Build.0 = Debug|Any CPU
		{CBC0D505-87B2-4969-9E16-32E6D1FC438D}.Release|Any CPU.ActiveCfg = Release|Any CPU
		{CBC0D505-87B2-4969-9E16-32E6D1FC438D}.Release|Any CPU.Build.0 = Release|Any CPU
		{99076341-24ED-47A2-966C-2EC01BE77ED7}.Debug|Any CPU.ActiveCfg = Debug|Any CPU
		{99076341-24ED-47A2-966C-2EC01BE77ED7}.Debug|Any CPU.Build.0 = Debug|Any CPU
		{99076341-24ED-47A2-966C-2EC01BE77ED7}.Release|Any CPU.ActiveCfg = Release|Any CPU
		{99076341-24ED-47A2-966C-2EC01BE77ED7}.Release|Any CPU.Build.0 = Release|Any CPU
		{D70088D5-D90E-4BF2-AFB2-D9AB01D85B26}.Debug|Any CPU.ActiveCfg = Debug|Any CPU
		{D70088D5-D90E-4BF2-AFB2-D9AB01D85B26}.Debug|Any CPU.Build.0 = Debug|Any CPU
		{D70088D5-D90E-4BF2-AFB2-D9AB01D85B26}.Release|Any CPU.ActiveCfg = Release|Any CPU
		{D70088D5-D90E-4BF2-AFB2-D9AB01D85B26}.Release|Any CPU.Build.0 = Release|Any CPU
		{0F01E342-CFD3-4AFA-8142-28D384976D80}.Debug|Any CPU.ActiveCfg = Debug|Any CPU
		{0F01E342-CFD3-4AFA-8142-28D384976D80}.Debug|Any CPU.Build.0 = Debug|Any CPU
		{0F01E342-CFD3-4AFA-8142-28D384976D80}.Release|Any CPU.ActiveCfg = Release|Any CPU
		{0F01E342-CFD3-4AFA-8142-28D384976D80}.Release|Any CPU.Build.0 = Release|Any CPU
		{8E016E8E-23E0-4499-995D-2E8B3D64F46D}.Debug|Any CPU.ActiveCfg = Debug|Any CPU
		{8E016E8E-23E0-4499-995D-2E8B3D64F46D}.Debug|Any CPU.Build.0 = Debug|Any CPU
		{8E016E8E-23E0-4499-995D-2E8B3D64F46D}.Release|Any CPU.ActiveCfg = Release|Any CPU
		{8E016E8E-23E0-4499-995D-2E8B3D64F46D}.Release|Any CPU.Build.0 = Release|Any CPU
	EndGlobalSection
	GlobalSection(SolutionProperties) = preSolution
		HideSolutionNode = FALSE
	EndGlobalSection
	GlobalSection(NestedProjects) = preSolution
		{8A96B200-78E1-4DAB-839C-3087C093F91C} = {28AF9E5D-E8BB-4912-8B65-DF183BFD785C}
		{AABDB8E6-A941-41A6-990F-3AC857633CAC} = {5EC52467-A1C5-44B8-AFAA-D67FA8D71C25}
		{83063CDA-496C-4558-AE18-CC059A28DE0F} = {5EC52467-A1C5-44B8-AFAA-D67FA8D71C25}
		{1A19BB1F-A379-48BC-A62E-095E7875AD2B} = {5EC52467-A1C5-44B8-AFAA-D67FA8D71C25}
		{089A6DC4-BE21-41E4-B169-92A75DD12ACF} = {5EC52467-A1C5-44B8-AFAA-D67FA8D71C25}
		{1ED2DAF1-136B-48AC-ACD8-7407758C7184} = {5EC52467-A1C5-44B8-AFAA-D67FA8D71C25}
		{59BB3A4B-A216-4E4D-B4D2-C6B55BD9FE70} = {5EC52467-A1C5-44B8-AFAA-D67FA8D71C25}
		{5C1CF695-5FC2-4BFE-8932-987E0135B9D0} = {9F9BBF09-AAE3-4B65-9E24-047ECDC5A47F}
		{8981D71B-EC7B-4E3F-8295-973A59D4A0E5} = {9F9BBF09-AAE3-4B65-9E24-047ECDC5A47F}
		{9F5D9765-E5B7-45BB-AB4A-5BB96EB5BF88} = {9F9BBF09-AAE3-4B65-9E24-047ECDC5A47F}
		{DBE47787-99ED-4B8B-AAA9-9ADA64C0E4C6} = {9F9BBF09-AAE3-4B65-9E24-047ECDC5A47F}
		{B32FA998-7293-4210-868C-232DFFBB3080} = {9F9BBF09-AAE3-4B65-9E24-047ECDC5A47F}
		{9A14C1A3-D6B5-473F-A244-162517528FDC} = {9F9BBF09-AAE3-4B65-9E24-047ECDC5A47F}
		{EFFB69B1-4EB1-4B0C-A790-36B053419685} = {65D62AB4-5BEF-46FF-BE23-AE9B3402A915}
		{793622A6-8B97-4C10-B7B7-B53480D4882A} = {65D62AB4-5BEF-46FF-BE23-AE9B3402A915}
		{4A0243FF-7BDA-4AEA-B818-F3E3B071D1EE} = {65D62AB4-5BEF-46FF-BE23-AE9B3402A915}
		{88927626-1B87-472D-B1D0-75B311568FC4} = {062F77E1-1C35-49AA-9253-F300B739F349}
		{DD5F28CE-532C-4944-91CE-72FBB0D69AE1} = {062F77E1-1C35-49AA-9253-F300B739F349}
		{E5B17AF0-5BD0-4393-8FE8-F146A7B06D02} = {062F77E1-1C35-49AA-9253-F300B739F349}
		{E3AFAD7A-19D1-4C71-AC03-7F0EB6455BF1} = {062F77E1-1C35-49AA-9253-F300B739F349}
		{15EF7BD8-FAB7-4D08-B5C6-95FEED3FFC45} = {21DF4256-0AC3-4FE9-9D3E-70E08CE62E8A}
		{3ADDEA1F-D584-4CCF-918B-5E1121F2E48C} = {21DF4256-0AC3-4FE9-9D3E-70E08CE62E8A}
		{4940BA5F-F4B5-4BD7-AC88-F874922AB635} = {A67A86E8-FD61-47F0-BC2D-D666B3C70BE0}
		{AAB2454A-9B10-4FEE-87AE-836811040B1A} = {A67A86E8-FD61-47F0-BC2D-D666B3C70BE0}
		{B32416C8-AEEB-4C33-94BC-B9EB5A6486B4} = {5A18193E-3F54-4559-9620-4D3F8D460624}
		{CE04849D-9E6F-48EB-B962-64AF14B6EED0} = {3F8B666C-99E1-423E-9B44-B404419A2F72}
		{015A3398-84DA-4F93-B807-102E5ED83082} = {44761398-6BE2-4472-8E0E-538EEC99DE76}
		{225D715D-3718-45B4-9F2E-72348FC88292} = {65D62AB4-5BEF-46FF-BE23-AE9B3402A915}
		{946B787D-CD3D-4214-98B3-FED964BFC463} = {65D62AB4-5BEF-46FF-BE23-AE9B3402A915}
		{82C9F482-A9AE-43CF-9B7D-71E8408BE149} = {65D62AB4-5BEF-46FF-BE23-AE9B3402A915}
		{232B00BD-C4A0-4872-AF4A-DF009D97FBBC} = {65D62AB4-5BEF-46FF-BE23-AE9B3402A915}
		{4679EB6D-42F4-408B-A5DC-41CC22A6296C} = {21DF4256-0AC3-4FE9-9D3E-70E08CE62E8A}
		{497FE871-466E-4190-BC19-DAC7A0531DA1} = {21DF4256-0AC3-4FE9-9D3E-70E08CE62E8A}
		{16389568-439D-4C9A-B0C5-5C11A547BE6C} = {5A18193E-3F54-4559-9620-4D3F8D460624}
		{C0DC0533-2470-45E1-BAE3-2C5F1E27CB87} = {5A18193E-3F54-4559-9620-4D3F8D460624}
		{E91CB040-0AD1-4798-A8E3-D1CE2733174B} = {5A18193E-3F54-4559-9620-4D3F8D460624}
		{DA234475-2579-400B-9633-709A15E45BDB} = {3F8B666C-99E1-423E-9B44-B404419A2F72}
		{1F35689B-F614-479D-88DD-3A78E2E7C9A0} = {3F8B666C-99E1-423E-9B44-B404419A2F72}
		{3770D208-ECED-411C-88EA-A46E55686FC4} = {3F8B666C-99E1-423E-9B44-B404419A2F72}
		{30E93EEC-35C4-4E0F-86B9-D4DF48FB0CAD} = {96481C82-F4EE-4B0A-A6D9-FCE4678DD8DE}
		{672EFE2D-C406-4636-B5B5-E0C34CE18284} = {96481C82-F4EE-4B0A-A6D9-FCE4678DD8DE}
		{F776ABB9-CD0B-49B7-8B58-B7EE557F69A9} = {96481C82-F4EE-4B0A-A6D9-FCE4678DD8DE}
		{C9ECA6B4-3B7F-4F50-8978-02744E93190A} = {96481C82-F4EE-4B0A-A6D9-FCE4678DD8DE}
		{5DB0B6C6-16CE-413A-9D19-C261EBEB0528} = {96481C82-F4EE-4B0A-A6D9-FCE4678DD8DE}
		{009F57C0-8FFB-4658-8B68-D3A105F0520D} = {96481C82-F4EE-4B0A-A6D9-FCE4678DD8DE}
		{C57DD22A-ADB9-4AD8-9150-735B0FE934CE} = {96481C82-F4EE-4B0A-A6D9-FCE4678DD8DE}
		{BC6E1F54-957E-49D0-8C61-D14F045848C7} = {96481C82-F4EE-4B0A-A6D9-FCE4678DD8DE}
		{9B34CA48-8BA1-47A8-AE20-F8EB8047782E} = {96481C82-F4EE-4B0A-A6D9-FCE4678DD8DE}
		{90C3EC02-EF9A-44DC-9CAC-580012013FC8} = {96481C82-F4EE-4B0A-A6D9-FCE4678DD8DE}
		{BB563D67-2A95-49FC-9359-58C60DCE8330} = {96481C82-F4EE-4B0A-A6D9-FCE4678DD8DE}
		{6C1CEE64-876D-493C-847C-E2A138931FB3} = {96481C82-F4EE-4B0A-A6D9-FCE4678DD8DE}
		{7666F6BF-D245-406A-AAE4-703A771A33BF} = {96481C82-F4EE-4B0A-A6D9-FCE4678DD8DE}
		{8228AC08-27C1-46A5-822D-C3CD2E29B9B1} = {12A16477-76B0-49BB-AD72-197253474E56}
		{6F5E1DBC-6C24-4AFC-B409-FE7E0468A28A} = {12A16477-76B0-49BB-AD72-197253474E56}
		{E3F2359E-D0C7-42BD-A240-6D58C950A56F} = {12A16477-76B0-49BB-AD72-197253474E56}
		{D621366F-8384-4876-A55C-FC0153F8AC15} = {12A16477-76B0-49BB-AD72-197253474E56}
		{FDF54E5E-7B10-4949-9191-58C816714F9C} = {12A16477-76B0-49BB-AD72-197253474E56}
		{68393C02-2E2D-4FF2-B2BA-D2CD436BDD48} = {12A16477-76B0-49BB-AD72-197253474E56}
		{165223F0-D8B3-421E-A112-F907EFBD201E} = {12A16477-76B0-49BB-AD72-197253474E56}
		{765B2485-7ACB-4374-94AC-0A021FCBA88F} = {B4E79F44-7999-4419-A9F9-5BD30097F0DA}
		{B481E10C-A3CC-45B0-AE5E-BE407ADB2ACF} = {B4E79F44-7999-4419-A9F9-5BD30097F0DA}
		{059F9A1A-DB8B-4B8F-8607-8EEA716CFE46} = {B4E79F44-7999-4419-A9F9-5BD30097F0DA}
		{1A5E2C2D-F2B0-4E09-BED4-9284BC4C3B93} = {F895D4DD-AB73-4418-8918-084A75CE340F}
		{EDA262CE-AFF8-46FC-9B37-C29C3CAE16CA} = {CDD14F46-CA32-4C52-9A6A-C6751752A6FA}
		{A797C1B7-8AEB-457E-9BD0-4B10A27540C1} = {CDD14F46-CA32-4C52-9A6A-C6751752A6FA}
		{67554A5D-02FC-491F-A355-FD4F28E7C59C} = {CDD14F46-CA32-4C52-9A6A-C6751752A6FA}
		{71466F90-97C9-4B7F-A6AA-171EC34A33E1} = {A91E043E-CF94-4FB0-B43B-A482C5F6DA27}
		{BFB1AD9D-9BDA-426D-9496-E681AF64F986} = {A91E043E-CF94-4FB0-B43B-A482C5F6DA27}
		{49A12D43-27DA-4AE9-9A87-15C8914C4028} = {A91E043E-CF94-4FB0-B43B-A482C5F6DA27}
		{94FCF1CE-4D43-48F1-8A23-0FE8549E1C76} = {CDD14F46-CA32-4C52-9A6A-C6751752A6FA}
		{9BC003E3-F1D2-468D-9A75-5C809D6B7854} = {C99D1C04-D16E-4B9C-AAD7-7CD6CF50CE2E}
		{25148306-B4CF-4155-AEA6-E0CF369B42A6} = {C99D1C04-D16E-4B9C-AAD7-7CD6CF50CE2E}
		{1119A684-B00F-4C02-9176-33D7861EB4A5} = {C99D1C04-D16E-4B9C-AAD7-7CD6CF50CE2E}
		{20876980-8C75-4E34-B62D-5FC40DACEE28} = {C99D1C04-D16E-4B9C-AAD7-7CD6CF50CE2E}
		{AAC1BBB2-002D-4817-B966-35382B27C81A} = {F3AC8750-2DE9-4C5A-97BB-AC6177A0CD62}
		{79E2E5D1-37F9-47B4-96BC-5296F8D5CC26} = {F3AC8750-2DE9-4C5A-97BB-AC6177A0CD62}
		{621D839E-8CF8-4A35-9976-5A2D475C41C7} = {F3AC8750-2DE9-4C5A-97BB-AC6177A0CD62}
		{CBC0D505-87B2-4969-9E16-32E6D1FC438D} = {F3AC8750-2DE9-4C5A-97BB-AC6177A0CD62}
		{99076341-24ED-47A2-966C-2EC01BE77ED7} = {7942035C-9795-4269-8ECA-A65F6CD00F6C}
		{D70088D5-D90E-4BF2-AFB2-D9AB01D85B26} = {7942035C-9795-4269-8ECA-A65F6CD00F6C}
		{0F01E342-CFD3-4AFA-8142-28D384976D80} = {7942035C-9795-4269-8ECA-A65F6CD00F6C}
		{8E016E8E-23E0-4499-995D-2E8B3D64F46D} = {7942035C-9795-4269-8ECA-A65F6CD00F6C}
	EndGlobalSection
	GlobalSection(ExtensibilityGlobals) = postSolution
		SolutionGuid = {4A7B8D68-66E5-4A20-968E-96A52726A485}
	EndGlobalSection
EndGlobal
